# This file is automatically @generated by Cargo.
# It is not intended for manual editing.
version = 4

[[package]]
name = "bitmap"
version = "0.1.0"

[[package]]
name = "bst"
version = "0.1.0"
dependencies = [
 "collection",
]

[[package]]
name = "collection"
version = "0.1.0"

[[package]]
name = "queue"
version = "0.1.0"
dependencies = [
 "collection",
]

[[package]]
name = "rust-data-structures"
version = "0.1.0"
dependencies = [
 "bitmap",
 "bst",
 "collection",
 "queue",
 "stack",
 "tree",
]

[[package]]
name = "stack"
version = "0.1.0"
dependencies = [
 "collection",
]

[[package]]
name = "tree"
version = "0.1.0"
dependencies = [
 "collection",
]
